
Microsoft Visual Studio Solution File, Format Version 12.00
# Visual Studio 14
VisualStudioVersion = 14.0.23107.0
MinimumVisualStudioVersion = 10.0.40219.1
Project("{FAE04EC0-301F-11D3-BF4B-00C04F79EFBC}") = "Wilderness.Game.Core", "Wilderness.Game.Core\Wilderness.Game.Core.csproj", "{898EF612-6EDF-48AC-B042-E24B88C60AE4}"
EndProject
Project("{FAE04EC0-301F-11D3-BF4B-00C04F79EFBC}") = "Wilderness.Game.Web.Host", "Wilderness.Game.Web.Host\Wilderness.Game.Web.Host.csproj", "{623D1AA5-5141-473E-88A9-AE4801AD1DC0}"
EndProject
Project("{FAE04EC0-301F-11D3-BF4B-00C04F79EFBC}") = "Wilderness.Game.Web", "Wilderness.Game.Web\Wilderness.Game.Web.csproj", "{B680AA64-3BE2-4C1B-BA60-09EA38CDA96A}"
EndProject
Project("{FAE04EC0-301F-11D3-BF4B-00C04F79EFBC}") = "Wilderness.Game.Core.Common", "Wilderness.Game.Core.Common\Wilderness.Game.Core.Common.csproj", "{9BE8FB3A-5678-4161-9684-453ECA2413BC}"
EndProject
Project("{FAE04EC0-301F-11D3-BF4B-00C04F79EFBC}") = "Wilderness.Game.Service", "Wilderness.Game.Service\Wilderness.Game.Service.csproj", "{44FCAC07-BEB5-44FC-833E-DC56275DF257}"
EndProject
Project("{2150E333-8FDC-42A3-9474-1A3956D46DE8}") = "Documents", "Documents", "{995F5355-37E4-4A2F-8934-383B4BCC6F40}"
	ProjectSection(SolutionItems) = preProject
		README.md = README.md
	EndProjectSection
EndProject
Project("{FAE04EC0-301F-11D3-BF4B-00C04F79EFBC}") = "Wilderness.Game.MapGenerator", "Wilderness.Game.MapGenerator\Wilderness.Game.MapGenerator.csproj", "{1916BE47-B91C-4A62-AF19-99744C0C0424}"
EndProject
Project("{FAE04EC0-301F-11D3-BF4B-00C04F79EFBC}") = "Elfisk.Commons", "Elfisk\Elfisk.Commons\Elfisk.Commons.csproj", "{4BCFA333-8A2C-4726-9DA5-33174B4E7309}"
EndProject
Project("{FAE04EC0-301F-11D3-BF4B-00C04F79EFBC}") = "Wilderness.Game.MapGenerator.Tests", "Wilderness.Game.MapGenerator.Tests\Wilderness.Game.MapGenerator.Tests.csproj", "{C830C61F-34B3-4E66-AAD8-DFF7B997238E}"
EndProject
Project("{FAE04EC0-301F-11D3-BF4B-00C04F79EFBC}") = "Wilderness.Game.Blueprint", "Wilderness.Game.Blueprint\Wilderness.Game.Blueprint.csproj", "{3B0694E1-2ED9-4287-A180-ACB62A11FB92}"
EndProject
Project("{FAE04EC0-301F-11D3-BF4B-00C04F79EFBC}") = "Elfisk.ECS.Core", "Elfisk\Elfisk.ECS\Elfisk.ECS.Core\Elfisk.ECS.Core.csproj", "{E5ADA543-2FEB-404E-8F03-E66146C357C4}"
EndProject
Project("{FAE04EC0-301F-11D3-BF4B-00C04F79EFBC}") = "Elfisk.ECS.Service", "Elfisk\Elfisk.ECS\Elfisk.ECS.Service\Elfisk.ECS.Service.csproj", "{302E9443-5ED2-4F09-97E6-6D8B6945EED4}"
EndProject
Project("{2150E333-8FDC-42A3-9474-1A3956D46DE8}") = "Elfisk", "Elfisk", "{F72D3239-7832-428F-98F8-ECE6AE0DEA46}"
EndProject
Project("{2150E333-8FDC-42A3-9474-1A3956D46DE8}") = "Service", "Service", "{70D33BC0-B69B-4A2D-A0AB-72AA012BF507}"
EndProject
Project("{2150E333-8FDC-42A3-9474-1A3956D46DE8}") = "Website", "Website", "{B04E9AAE-E743-485C-80B6-90DD8E2D192A}"
EndProject
Project("{FAE04EC0-301F-11D3-BF4B-00C04F79EFBC}") = "Elfisk.ECS.Web", "Elfisk\Elfisk.ECS\Elfisk.ECS.Web\Elfisk.ECS.Web.csproj", "{790DBAEE-DBBE-4B19-ABA3-054C56372557}"
EndProject
Global
	GlobalSection(SolutionConfigurationPlatforms) = preSolution
		Debug|Any CPU = Debug|Any CPU
		Release|Any CPU = Release|Any CPU
	EndGlobalSection
	GlobalSection(ProjectConfigurationPlatforms) = postSolution
		{898EF612-6EDF-48AC-B042-E24B88C60AE4}.Debug|Any CPU.ActiveCfg = Debug|Any CPU
		{898EF612-6EDF-48AC-B042-E24B88C60AE4}.Debug|Any CPU.Build.0 = Debug|Any CPU
		{898EF612-6EDF-48AC-B042-E24B88C60AE4}.Release|Any CPU.ActiveCfg = Release|Any CPU
		{898EF612-6EDF-48AC-B042-E24B88C60AE4}.Release|Any CPU.Build.0 = Release|Any CPU
		{623D1AA5-5141-473E-88A9-AE4801AD1DC0}.Debug|Any CPU.ActiveCfg = Debug|Any CPU
		{623D1AA5-5141-473E-88A9-AE4801AD1DC0}.Debug|Any CPU.Build.0 = Debug|Any CPU
		{623D1AA5-5141-473E-88A9-AE4801AD1DC0}.Release|Any CPU.ActiveCfg = Release|Any CPU
		{623D1AA5-5141-473E-88A9-AE4801AD1DC0}.Release|Any CPU.Build.0 = Release|Any CPU
		{B680AA64-3BE2-4C1B-BA60-09EA38CDA96A}.Debug|Any CPU.ActiveCfg = Debug|Any CPU
		{B680AA64-3BE2-4C1B-BA60-09EA38CDA96A}.Debug|Any CPU.Build.0 = Debug|Any CPU
		{B680AA64-3BE2-4C1B-BA60-09EA38CDA96A}.Release|Any CPU.ActiveCfg = Release|Any CPU
		{B680AA64-3BE2-4C1B-BA60-09EA38CDA96A}.Release|Any CPU.Build.0 = Release|Any CPU
		{9BE8FB3A-5678-4161-9684-453ECA2413BC}.Debug|Any CPU.ActiveCfg = Debug|Any CPU
		{9BE8FB3A-5678-4161-9684-453ECA2413BC}.Debug|Any CPU.Build.0 = Debug|Any CPU
		{9BE8FB3A-5678-4161-9684-453ECA2413BC}.Release|Any CPU.ActiveCfg = Release|Any CPU
		{9BE8FB3A-5678-4161-9684-453ECA2413BC}.Release|Any CPU.Build.0 = Release|Any CPU
		{44FCAC07-BEB5-44FC-833E-DC56275DF257}.Debug|Any CPU.ActiveCfg = Debug|Any CPU
		{44FCAC07-BEB5-44FC-833E-DC56275DF257}.Debug|Any CPU.Build.0 = Debug|Any CPU
		{44FCAC07-BEB5-44FC-833E-DC56275DF257}.Release|Any CPU.ActiveCfg = Release|Any CPU
		{44FCAC07-BEB5-44FC-833E-DC56275DF257}.Release|Any CPU.Build.0 = Release|Any CPU
		{1916BE47-B91C-4A62-AF19-99744C0C0424}.Debug|Any CPU.ActiveCfg = Debug|Any CPU
		{1916BE47-B91C-4A62-AF19-99744C0C0424}.Debug|Any CPU.Build.0 = Debug|Any CPU
		{1916BE47-B91C-4A62-AF19-99744C0C0424}.Release|Any CPU.ActiveCfg = Release|Any CPU
		{1916BE47-B91C-4A62-AF19-99744C0C0424}.Release|Any CPU.Build.0 = Release|Any CPU
		{4BCFA333-8A2C-4726-9DA5-33174B4E7309}.Debug|Any CPU.ActiveCfg = Debug|Any CPU
		{4BCFA333-8A2C-4726-9DA5-33174B4E7309}.Debug|Any CPU.Build.0 = Debug|Any CPU
		{4BCFA333-8A2C-4726-9DA5-33174B4E7309}.Release|Any CPU.ActiveCfg = Release|Any CPU
		{4BCFA333-8A2C-4726-9DA5-33174B4E7309}.Release|Any CPU.Build.0 = Release|Any CPU
		{C830C61F-34B3-4E66-AAD8-DFF7B997238E}.Debug|Any CPU.ActiveCfg = Debug|Any CPU
		{C830C61F-34B3-4E66-AAD8-DFF7B997238E}.Debug|Any CPU.Build.0 = Debug|Any CPU
		{C830C61F-34B3-4E66-AAD8-DFF7B997238E}.Release|Any CPU.ActiveCfg = Release|Any CPU
		{C830C61F-34B3-4E66-AAD8-DFF7B997238E}.Release|Any CPU.Build.0 = Release|Any CPU
		{3B0694E1-2ED9-4287-A180-ACB62A11FB92}.Debug|Any CPU.ActiveCfg = Debug|Any CPU
		{3B0694E1-2ED9-4287-A180-ACB62A11FB92}.Debug|Any CPU.Build.0 = Debug|Any CPU
		{3B0694E1-2ED9-4287-A180-ACB62A11FB92}.Release|Any CPU.ActiveCfg = Release|Any CPU
		{3B0694E1-2ED9-4287-A180-ACB62A11FB92}.Release|Any CPU.Build.0 = Release|Any CPU
		{E5ADA543-2FEB-404E-8F03-E66146C357C4}.Debug|Any CPU.ActiveCfg = Debug|Any CPU
		{E5ADA543-2FEB-404E-8F03-E66146C357C4}.Debug|Any CPU.Build.0 = Debug|Any CPU
		{E5ADA543-2FEB-404E-8F03-E66146C357C4}.Release|Any CPU.ActiveCfg = Release|Any CPU
		{E5ADA543-2FEB-404E-8F03-E66146C357C4}.Release|Any CPU.Build.0 = Release|Any CPU
		{302E9443-5ED2-4F09-97E6-6D8B6945EED4}.Debug|Any CPU.ActiveCfg = Debug|Any CPU
		{302E9443-5ED2-4F09-97E6-6D8B6945EED4}.Debug|Any CPU.Build.0 = Debug|Any CPU
		{302E9443-5ED2-4F09-97E6-6D8B6945EED4}.Release|Any CPU.ActiveCfg = Release|Any CPU
		{302E9443-5ED2-4F09-97E6-6D8B6945EED4}.Release|Any CPU.Build.0 = Release|Any CPU
		{790DBAEE-DBBE-4B19-ABA3-054C56372557}.Debug|Any CPU.ActiveCfg = Debug|Any CPU
		{790DBAEE-DBBE-4B19-ABA3-054C56372557}.Debug|Any CPU.Build.0 = Debug|Any CPU
		{790DBAEE-DBBE-4B19-ABA3-054C56372557}.Release|Any CPU.ActiveCfg = Release|Any CPU
		{790DBAEE-DBBE-4B19-ABA3-054C56372557}.Release|Any CPU.Build.0 = Release|Any CPU
	EndGlobalSection
	GlobalSection(SolutionProperties) = preSolution
		HideSolutionNode = FALSE
	EndGlobalSection
	GlobalSection(NestedProjects) = preSolution
		{898EF612-6EDF-48AC-B042-E24B88C60AE4} = {70D33BC0-B69B-4A2D-A0AB-72AA012BF507}
		{623D1AA5-5141-473E-88A9-AE4801AD1DC0} = {B04E9AAE-E743-485C-80B6-90DD8E2D192A}
		{B680AA64-3BE2-4C1B-BA60-09EA38CDA96A} = {B04E9AAE-E743-485C-80B6-90DD8E2D192A}
		{9BE8FB3A-5678-4161-9684-453ECA2413BC} = {70D33BC0-B69B-4A2D-A0AB-72AA012BF507}
		{44FCAC07-BEB5-44FC-833E-DC56275DF257} = {70D33BC0-B69B-4A2D-A0AB-72AA012BF507}
		{1916BE47-B91C-4A62-AF19-99744C0C0424} = {70D33BC0-B69B-4A2D-A0AB-72AA012BF507}
		{4BCFA333-8A2C-4726-9DA5-33174B4E7309} = {F72D3239-7832-428F-98F8-ECE6AE0DEA46}
		{C830C61F-34B3-4E66-AAD8-DFF7B997238E} = {70D33BC0-B69B-4A2D-A0AB-72AA012BF507}
		{3B0694E1-2ED9-4287-A180-ACB62A11FB92} = {70D33BC0-B69B-4A2D-A0AB-72AA012BF507}
		{E5ADA543-2FEB-404E-8F03-E66146C357C4} = {F72D3239-7832-428F-98F8-ECE6AE0DEA46}
		{302E9443-5ED2-4F09-97E6-6D8B6945EED4} = {F72D3239-7832-428F-98F8-ECE6AE0DEA46}
		{790DBAEE-DBBE-4B19-ABA3-054C56372557} = {F72D3239-7832-428F-98F8-ECE6AE0DEA46}
	EndGlobalSection
EndGlobal
